// !$*UTF8*$!
{
	archiveVersion = 1;
	classes = {
	};
	objectVersion = 56;
	objects = {

/* Begin PBXBuildFile section */
		AB19FE232966ECE500F3D3CA /* Game.swift in Sources */ = {isa = PBXBuildFile; fileRef = AB19FE222966ECE500F3D3CA /* Game.swift */; };
		ABE6C5152965E29100EFEB8B /* AppDelegate.swift in Sources */ = {isa = PBXBuildFile; fileRef = ABE6C5142965E29100EFEB8B /* AppDelegate.swift */; };
		ABE6C5172965E29100EFEB8B /* SceneDelegate.swift in Sources */ = {isa = PBXBuildFile; fileRef = ABE6C5162965E29100EFEB8B /* SceneDelegate.swift */; };
		ABE6C5192965E29100EFEB8B /* ViewController.swift in Sources */ = {isa = PBXBuildFile; fileRef = ABE6C5182965E29100EFEB8B /* ViewController.swift */; };
		ABE6C51C2965E29100EFEB8B /* Main.storyboard in Resources */ = {isa = PBXBuildFile; fileRef = ABE6C51A2965E29100EFEB8B /* Main.storyboard */; };
		ABE6C51E2965E29100EFEB8B /* Assets.xcassets in Resources */ = {isa = PBXBuildFile; fileRef = ABE6C51D2965E29100EFEB8B /* Assets.xcassets */; };
		ABE6C5212965E29100EFEB8B /* LaunchScreen.storyboard in Resources */ = {isa = PBXBuildFile; fileRef = ABE6C51F2965E29100EFEB8B /* LaunchScreen.storyboard */; };
		ABE6C52C2965E29100EFEB8B /* Apple_PieTests.swift in Sources */ = {isa = PBXBuildFile; fileRef = ABE6C52B2965E29100EFEB8B /* Apple_PieTests.swift */; };
		ABE6C5362965E29100EFEB8B /* Apple_PieUITests.swift in Sources */ = {isa = PBXBuildFile; fileRef = ABE6C5352965E29100EFEB8B /* Apple_PieUITests.swift */; };
		ABE6C5382965E29100EFEB8B /* Apple_PieUITestsLaunchTests.swift in Sources */ = {isa = PBXBuildFile; fileRef = ABE6C5372965E29100EFEB8B /* Apple_PieUITestsLaunchTests.swift */; };
/* End PBXBuildFile section */

/* Begin PBXContainerItemProxy section */
		ABE6C5282965E29100EFEB8B /* PBXContainerItemProxy */ = {
			isa = PBXContainerItemProxy;
			containerPortal = ABE6C5092965E29100EFEB8B /* Project object */;
			proxyType = 1;
			remoteGlobalIDString = ABE6C5102965E29100EFEB8B;
			remoteInfo = "Apple Pie";
		};
		ABE6C5322965E29100EFEB8B /* PBXContainerItemProxy */ = {
			isa = PBXContainerItemProxy;
			containerPortal = ABE6C5092965E29100EFEB8B /* Project object */;
			proxyType = 1;
			remoteGlobalIDString = ABE6C5102965E29100EFEB8B;
			remoteInfo = "Apple Pie";
		};
/* End PBXContainerItemProxy section */

/* Begin PBXFileReference section */
		AB19FE222966ECE500F3D3CA /* Game.swift */ = {isa = PBXFileReference; lastKnownFileType = sourcecode.swift; path = Game.swift; sourceTree = "<group>"; };
		ABE6C5112965E29100EFEB8B /* Apple Pie.app */ = {isa = PBXFileReference; explicitFileType = wrapper.application; includeInIndex = 0; path = "Apple Pie.app"; sourceTree = BUILT_PRODUCTS_DIR; };
		ABE6C5142965E29100EFEB8B /* AppDelegate.swift */ = {isa = PBXFileReference; lastKnownFileType = sourcecode.swift; path = AppDelegate.swift; sourceTree = "<group>"; };
		ABE6C5162965E29100EFEB8B /* SceneDelegate.swift */ = {isa = PBXFileReference; lastKnownFileType = sourcecode.swift; path = SceneDelegate.swift; sourceTree = "<group>"; };
		ABE6C5182965E29100EFEB8B /* ViewController.swift */ = {isa = PBXFileReference; lastKnownFileType = sourcecode.swift; path = ViewController.swift; sourceTree = "<group>"; };
		ABE6C51B2965E29100EFEB8B /* Base */ = {isa = PBXFileReference; lastKnownFileType = file.storyboard; name = Base; path = Base.lproj/Main.storyboard; sourceTree = "<group>"; };
		ABE6C51D2965E29100EFEB8B /* Assets.xcassets */ = {isa = PBXFileReference; lastKnownFileType = folder.assetcatalog; path = Assets.xcassets; sourceTree = "<group>"; };
		ABE6C5202965E29100EFEB8B /* Base */ = {isa = PBXFileReference; lastKnownFileType = file.storyboard; name = Base; path = Base.lproj/LaunchScreen.storyboard; sourceTree = "<group>"; };
		ABE6C5222965E29100EFEB8B /* Info.plist */ = {isa = PBXFileReference; lastKnownFileType = text.plist.xml; path = Info.plist; sourceTree = "<group>"; };
		ABE6C5272965E29100EFEB8B /* Apple PieTests.xctest */ = {isa = PBXFileReference; explicitFileType = wrapper.cfbundle; includeInIndex = 0; path = "Apple PieTests.xctest"; sourceTree = BUILT_PRODUCTS_DIR; };
		ABE6C52B2965E29100EFEB8B /* Apple_PieTests.swift */ = {isa = PBXFileReference; lastKnownFileType = sourcecode.swift; path = Apple_PieTests.swift; sourceTree = "<group>"; };
		ABE6C5312965E29100EFEB8B /* Apple PieUITests.xctest */ = {isa = PBXFileReference; explicitFileType = wrapper.cfbundle; includeInIndex = 0; path = "Apple PieUITests.xctest"; sourceTree = BUILT_PRODUCTS_DIR; };
		ABE6C5352965E29100EFEB8B /* Apple_PieUITests.swift */ = {isa = PBXFileReference; lastKnownFileType = sourcecode.swift; path = Apple_PieUITests.swift; sourceTree = "<group>"; };
		ABE6C5372965E29100EFEB8B /* Apple_PieUITestsLaunchTests.swift */ = {isa = PBXFileReference; lastKnownFileType = sourcecode.swift; path = Apple_PieUITestsLaunchTests.swift; sourceTree = "<group>"; };
/* End PBXFileReference section */

/* Begin PBXFrameworksBuildPhase section */
		ABE6C50E2965E29100EFEB8B /* Frameworks */ = {
			isa = PBXFrameworksBuildPhase;
			buildActionMask = 2147483647;
			files = (
			);
			runOnlyForDeploymentPostprocessing = 0;
		};
		ABE6C5242965E29100EFEB8B /* Frameworks */ = {
			isa = PBXFrameworksBuildPhase;
			buildActionMask = 2147483647;
			files = (
			);
			runOnlyForDeploymentPostprocessing = 0;
		};
		ABE6C52E2965E29100EFEB8B /* Frameworks */ = {
			isa = PBXFrameworksBuildPhase;
			buildActionMask = 2147483647;
			files = (
			);
			runOnlyForDeploymentPostprocessing = 0;
		};
/* End PBXFrameworksBuildPhase section */

/* Begin PBXGroup section */
		ABE6C5082965E29100EFEB8B = {
			isa = PBXGroup;
			children = (
				ABE6C5132965E29100EFEB8B /* Apple Pie */,
				ABE6C52A2965E29100EFEB8B /* Apple PieTests */,
				ABE6C5342965E29100EFEB8B /* Apple PieUITests */,
				ABE6C5122965E29100EFEB8B /* Products */,
			);
			sourceTree = "<group>";
		};
		ABE6C5122965E29100EFEB8B /* Products */ = {
			isa = PBXGroup;
			children = (
				ABE6C5112965E29100EFEB8B /* Apple Pie.app */,
				ABE6C5272965E29100EFEB8B /* Apple PieTests.xctest */,
				ABE6C5312965E29100EFEB8B /* Apple PieUITests.xctest */,
			);
			name = Products;
			sourceTree = "<group>";
		};
		ABE6C5132965E29100EFEB8B /* Apple Pie */ = {
			isa = PBXGroup;
			children = (
				ABE6C5142965E29100EFEB8B /* AppDelegate.swift */,
				ABE6C5162965E29100EFEB8B /* SceneDelegate.swift */,
				ABE6C5182965E29100EFEB8B /* ViewController.swift */,
				AB19FE222966ECE500F3D3CA /* Game.swift */,
				ABE6C51A2965E29100EFEB8B /* Main.storyboard */,
				ABE6C51D2965E29100EFEB8B /* Assets.xcassets */,
				ABE6C51F2965E29100EFEB8B /* LaunchScreen.storyboard */,
				ABE6C5222965E29100EFEB8B /* Info.plist */,
			);
			path = "Apple Pie";
			sourceTree = "<group>";
		};
		ABE6C52A2965E29100EFEB8B /* Apple PieTests */ = {
			isa = PBXGroup;
			children = (
				ABE6C52B2965E29100EFEB8B /* Apple_PieTests.swift */,
			);
			path = "Apple PieTests";
			sourceTree = "<group>";
		};
		ABE6C5342965E29100EFEB8B /* Apple PieUITests */ = {
			isa = PBXGroup;
			children = (
				ABE6C5352965E29100EFEB8B /* Apple_PieUITests.swift */,
				ABE6C5372965E29100EFEB8B /* Apple_PieUITestsLaunchTests.swift */,
			);
			path = "Apple PieUITests";
			sourceTree = "<group>";
		};
/* End PBXGroup section */

/* Begin PBXNativeTarget section */
		ABE6C5102965E29100EFEB8B /* Apple Pie */ = {
			isa = PBXNativeTarget;
			buildConfigurationList = ABE6C53B2965E29100EFEB8B /* Build configuration list for PBXNativeTarget "Apple Pie" */;
			buildPhases = (
				ABE6C50D2965E29100EFEB8B /* Sources */,
				ABE6C50E2965E29100EFEB8B /* Frameworks */,
				ABE6C50F2965E29100EFEB8B /* Resources */,
			);
			buildRules = (
			);
			dependencies = (
			);
			name = "Apple Pie";
			productName = "Apple Pie";
			productReference = ABE6C5112965E29100EFEB8B /* Apple Pie.app */;
			productType = "com.apple.product-type.application";
		};
		ABE6C5262965E29100EFEB8B /* Apple PieTests */ = {
			isa = PBXNativeTarget;
			buildConfigurationList = ABE6C53E2965E29100EFEB8B /* Build configuration list for PBXNativeTarget "Apple PieTests" */;
			buildPhases = (
				ABE6C5232965E29100EFEB8B /* Sources */,
				ABE6C5242965E29100EFEB8B /* Frameworks */,
				ABE6C5252965E29100EFEB8B /* Resources */,
			);
			buildRules = (
			);
			dependencies = (
				ABE6C5292965E29100EFEB8B /* PBXTargetDependency */,
			);
			name = "Apple PieTests";
			productName = "Apple PieTests";
			productReference = ABE6C5272965E29100EFEB8B /* Apple PieTests.xctest */;
			productType = "com.apple.product-type.bundle.unit-test";
		};
		ABE6C5302965E29100EFEB8B /* Apple PieUITests */ = {
			isa = PBXNativeTarget;
			buildConfigurationList = ABE6C5412965E29100EFEB8B /* Build configuration list for PBXNativeTarget "Apple PieUITests" */;
			buildPhases = (
				ABE6C52D2965E29100EFEB8B /* Sources */,
				ABE6C52E2965E29100EFEB8B /* Frameworks */,
				ABE6C52F2965E29100EFEB8B /* Resources */,
			);
			buildRules = (
			);
			dependencies = (
				ABE6C5332965E29100EFEB8B /* PBXTargetDependency */,
			);
			name = "Apple PieUITests";
			productName = "Apple PieUITests";
			productReference = ABE6C5312965E29100EFEB8B /* Apple PieUITests.xctest */;
			productType = "com.apple.product-type.bundle.ui-testing";
		};
/* End PBXNativeTarget section */

/* Begin PBXProject section */
		ABE6C5092965E29100EFEB8B /* Project object */ = {
			isa = PBXProject;
			attributes = {
				BuildIndependentTargetsInParallel = 1;
				LastSwiftUpdateCheck = 1420;
				LastUpgradeCheck = 1420;
				TargetAttributes = {
					ABE6C5102965E29100EFEB8B = {
						CreatedOnToolsVersion = 14.2;
					};
					ABE6C5262965E29100EFEB8B = {
						CreatedOnToolsVersion = 14.2;
						TestTargetID = ABE6C5102965E29100EFEB8B;
					};
					ABE6C5302965E29100EFEB8B = {
						CreatedOnToolsVersion = 14.2;
						TestTargetID = ABE6C5102965E29100EFEB8B;
					};
				};
			};
			buildConfigurationList = ABE6C50C2965E29100EFEB8B /* Build configuration list for PBXProject "Apple Pie" */;
			compatibilityVersion = "Xcode 14.0";
			developmentRegion = en;
			hasScannedForEncodings = 0;
			knownRegions = (
				en,
				Base,
			);
			mainGroup = ABE6C5082965E29100EFEB8B;
			productRefGroup = ABE6C5122965E29100EFEB8B /* Products */;
			projectDirPath = "";
			projectRoot = "";
			targets = (
				ABE6C5102965E29100EFEB8B /* Apple Pie */,
				ABE6C5262965E29100EFEB8B /* Apple PieTests */,
				ABE6C5302965E29100EFEB8B /* Apple PieUITests */,
			);
		};
/* End PBXProject section */

/* Begin PBXResourcesBuildPhase section */
		ABE6C50F2965E29100EFEB8B /* Resources */ = {
			isa = PBXResourcesBuildPhase;
			buildActionMask = 2147483647;
			files = (
				ABE6C5212965E29100EFEB8B /* LaunchScreen.storyboard in Resources */,
				ABE6C51E2965E29100EFEB8B /* Assets.xcassets in Resources */,
				ABE6C51C2965E29100EFEB8B /* Main.storyboard in Resources */,
			);
			runOnlyForDeploymentPostprocessing = 0;
		};
		ABE6C5252965E29100EFEB8B /* Resources */ = {
			isa = PBXResourcesBuildPhase;
			buildActionMask = 2147483647;
			files = (
			);
			runOnlyForDeploymentPostprocessing = 0;
		};
		ABE6C52F2965E29100EFEB8B /* Resources */ = {
			isa = PBXResourcesBuildPhase;
			buildActionMask = 2147483647;
			files = (
			);
			runOnlyForDeploymentPostprocessing = 0;
		};
/* End PBXResourcesBuildPhase section */

/* Begin PBXSourcesBuildPhase section */
		ABE6C50D2965E29100EFEB8B /* Sources */ = {
			isa = PBXSourcesBuildPhase;
			buildActionMask = 2147483647;
			files = (
				ABE6C5192965E29100EFEB8B /* ViewController.swift in Sources */,
				ABE6C5152965E29100EFEB8B /* AppDelegate.swift in Sources */,
				ABE6C5172965E29100EFEB8B /* SceneDelegate.swift in Sources */,
				AB19FE232966ECE500F3D3CA /* Game.swift in Sources */,
			);
			runOnlyForDeploymentPostprocessing = 0;
		};
		ABE6C5232965E29100EFEB8B /* Sources */ = {
			isa = PBXSourcesBuildPhase;
			buildActionMask = 2147483647;
			files = (
				ABE6C52C2965E29100EFEB8B /* Apple_PieTests.swift in Sources */,
			);
			runOnlyForDeploymentPostprocessing = 0;
		};
		ABE6C52D2965E29100EFEB8B /* Sources */ = {
			isa = PBXSourcesBuildPhase;
			buildActionMask = 2147483647;
			files = (
				ABE6C5382965E29100EFEB8B /* Apple_PieUITestsLaunchTests.swift in Sources */,
				ABE6C5362965E29100EFEB8B /* Apple_PieUITests.swift in Sources */,
			);
			runOnlyForDeploymentPostprocessing = 0;
		};
/* End PBXSourcesBuildPhase section */

/* Begin PBXTargetDependency section */
		ABE6C5292965E29100EFEB8B /* PBXTargetDependency */ = {
			isa = PBXTargetDependency;
			target = ABE6C5102965E29100EFEB8B /* Apple Pie */;
			targetProxy = ABE6C5282965E29100EFEB8B /* PBXContainerItemProxy */;
		};
		ABE6C5332965E29100EFEB8B /* PBXTargetDependency */ = {
			isa = PBXTargetDependency;
			target = ABE6C5102965E29100EFEB8B /* Apple Pie */;
			targetProxy = ABE6C5322965E29100EFEB8B /* PBXContainerItemProxy */;
		};
/* End PBXTargetDependency section */

/* Begin PBXVariantGroup section */
		ABE6C51A2965E29100EFEB8B /* Main.storyboard */ = {
			isa = PBXVariantGroup;
			children = (
				ABE6C51B2965E29100EFEB8B /* Base */,
			);
			name = Main.storyboard;
			sourceTree = "<group>";
		};
		ABE6C51F2965E29100EFEB8B /* LaunchScreen.storyboard */ = {
			isa = PBXVariantGroup;
			children = (
				ABE6C5202965E29100EFEB8B /* Base */,
			);
			name = LaunchScreen.storyboard;
			sourceTree = "<group>";
		};
/* End PBXVariantGroup section */

/* Begin XCBuildConfiguration section */
		ABE6C5392965E29100EFEB8B /* Debug */ = {
			isa = XCBuildConfiguration;
			buildSettings = {
				ALWAYS_SEARCH_USER_PATHS = NO;
				CLANG_ANALYZER_NONNULL = YES;
				CLANG_ANALYZER_NUMBER_OBJECT_CONVERSION = YES_AGGRESSIVE;
				CLANG_CXX_LANGUAGE_STANDARD = "gnu++20";
				CLANG_ENABLE_MODULES = YES;
				CLANG_ENABLE_OBJC_ARC = YES;
				CLANG_ENABLE_OBJC_WEAK = YES;
				CLANG_WARN_BLOCK_CAPTURE_AUTORELEASING = YES;
				CLANG_WARN_BOOL_CONVERSION = YES;
				CLANG_WARN_COMMA = YES;
				CLANG_WARN_CONSTANT_CONVERSION = YES;
				CLANG_WARN_DEPRECATED_OBJC_IMPLEMENTATIONS = YES;
				CLANG_WARN_DIRECT_OBJC_ISA_USAGE = YES_ERROR;
				CLANG_WARN_DOCUMENTATION_COMMENTS = YES;
				CLANG_WARN_EMPTY_BODY = YES;
				CLANG_WARN_ENUM_CONVERSION = YES;
				CLANG_WARN_INFINITE_RECURSION = YES;
				CLANG_WARN_INT_CONVERSION = YES;
				CLANG_WARN_NON_LITERAL_NULL_CONVERSION = YES;
				CLANG_WARN_OBJC_IMPLICIT_RETAIN_SELF = YES;
				CLANG_WARN_OBJC_LITERAL_CONVERSION = YES;
				CLANG_WARN_OBJC_ROOT_CLASS = YES_ERROR;
				CLANG_WARN_QUOTED_INCLUDE_IN_FRAMEWORK_HEADER = YES;
				CLANG_WARN_RANGE_LOOP_ANALYSIS = YES;
				CLANG_WARN_STRICT_PROTOTYPES = YES;
				CLANG_WARN_SUSPICIOUS_MOVE = YES;
				CLANG_WARN_UNGUARDED_AVAILABILITY = YES_AGGRESSIVE;
				CLANG_WARN_UNREACHABLE_CODE = YES;
				CLANG_WARN__DUPLICATE_METHOD_MATCH = YES;
				COPY_PHASE_STRIP = NO;
				DEBUG_INFORMATION_FORMAT = dwarf;
				ENABLE_STRICT_OBJC_MSGSEND = YES;
				ENABLE_TESTABILITY = YES;
				GCC_C_LANGUAGE_STANDARD = gnu11;
				GCC_DYNAMIC_NO_PIC = NO;
				GCC_NO_COMMON_BLOCKS = YES;
				GCC_OPTIMIZATION_LEVEL = 0;
				GCC_PREPROCESSOR_DEFINITIONS = (
					"DEBUG=1",
					"$(inherited)",
				);
				GCC_WARN_64_TO_32_BIT_CONVERSION = YES;
				GCC_WARN_ABOUT_RETURN_TYPE = YES_ERROR;
				GCC_WARN_UNDECLARED_SELECTOR = YES;
				GCC_WARN_UNINITIALIZED_AUTOS = YES_AGGRESSIVE;
				GCC_WARN_UNUSED_FUNCTION = YES;
				GCC_WARN_UNUSED_VARIABLE = YES;
				IPHONEOS_DEPLOYMENT_TARGET = 16.2;
				MTL_ENABLE_DEBUG_INFO = INCLUDE_SOURCE;
				MTL_FAST_MATH = YES;
				ONLY_ACTIVE_ARCH = YES;
				SDKROOT = iphoneos;
				SWIFT_ACTIVE_COMPILATION_CONDITIONS = DEBUG;
				SWIFT_OPTIMIZATION_LEVEL = "-Onone";
			};
			name = Debug;
		};
		ABE6C53A2965E29100EFEB8B /* Release */ = {
			isa = XCBuildConfiguration;
			buildSettings = {
				ALWAYS_SEARCH_USER_PATHS = NO;
				CLANG_ANALYZER_NONNULL = YES;
				CLANG_ANALYZER_NUMBER_OBJECT_CONVERSION = YES_AGGRESSIVE;
				CLANG_CXX_LANGUAGE_STANDARD = "gnu++20";
				CLANG_ENABLE_MODULES = YES;
				CLANG_ENABLE_OBJC_ARC = YES;
				CLANG_ENABLE_OBJC_WEAK = YES;
				CLANG_WARN_BLOCK_CAPTURE_AUTORELEASING = YES;
				CLANG_WARN_BOOL_CONVERSION = YES;
				CLANG_WARN_COMMA = YES;
				CLANG_WARN_CONSTANT_CONVERSION = YES;
				CLANG_WARN_DEPRECATED_OBJC_IMPLEMENTATIONS = YES;
				CLANG_WARN_DIRECT_OBJC_ISA_USAGE = YES_ERROR;
				CLANG_WARN_DOCUMENTATION_COMMENTS = YES;
				CLANG_WARN_EMPTY_BODY = YES;
				CLANG_WARN_ENUM_CONVERSION = YES;
				CLANG_WARN_INFINITE_RECURSION = YES;
				CLANG_WARN_INT_CONVERSION = YES;
				CLANG_WARN_NON_LITERAL_NULL_CONVERSION = YES;
				CLANG_WARN_OBJC_IMPLICIT_RETAIN_SELF = YES;
				CLANG_WARN_OBJC_LITERAL_CONVERSION = YES;
				CLANG_WARN_OBJC_ROOT_CLASS = YES_ERROR;
				CLANG_WARN_QUOTED_INCLUDE_IN_FRAMEWORK_HEADER = YES;
				CLANG_WARN_RANGE_LOOP_ANALYSIS = YES;
				CLANG_WARN_STRICT_PROTOTYPES = YES;
				CLANG_WARN_SUSPICIOUS_MOVE = YES;
				CLANG_WARN_UNGUARDED_AVAILABILITY = YES_AGGRESSIVE;
				CLANG_WARN_UNREACHABLE_CODE = YES;
				CLANG_WARN__DUPLICATE_METHOD_MATCH = YES;
				COPY_PHASE_STRIP = NO;
				DEBUG_INFORMATION_FORMAT = "dwarf-with-dsym";
				ENABLE_NS_ASSERTIONS = NO;
				ENABLE_STRICT_OBJC_MSGSEND = YES;
				GCC_C_LANGUAGE_STANDARD = gnu11;
				GCC_NO_COMMON_BLOCKS = YES;
				GCC_WARN_64_TO_32_BIT_CONVERSION = YES;
				GCC_WARN_ABOUT_RETURN_TYPE = YES_ERROR;
				GCC_WARN_UNDECLARED_SELECTOR = YES;
				GCC_WARN_UNINITIALIZED_AUTOS = YES_AGGRESSIVE;
				GCC_WARN_UNUSED_FUNCTION = YES;
				GCC_WARN_UNUSED_VARIABLE = YES;
				IPHONEOS_DEPLOYMENT_TARGET = 16.2;
				MTL_ENABLE_DEBUG_INFO = NO;
				MTL_FAST_MATH = YES;
				SDKROOT = iphoneos;
				SWIFT_COMPILATION_MODE = wholemodule;
				SWIFT_OPTIMIZATION_LEVEL = "-O";
				VALIDATE_PRODUCT = YES;
			};
			name = Release;
		};
		ABE6C53C2965E29100EFEB8B /* Debug */ = {
			isa = XCBuildConfiguration;
			buildSettings = {
				ASSETCATALOG_COMPILER_APPICON_NAME = AppIcon;
				ASSETCATALOG_COMPILER_GLOBAL_ACCENT_COLOR_NAME = AccentColor;
				CODE_SIGN_STYLE = Automatic;
				CURRENT_PROJECT_VERSION = 1;
				GENERATE_INFOPLIST_FILE = YES;
				INFOPLIST_FILE = "Apple Pie/Info.plist";
				INFOPLIST_KEY_UIApplicationSupportsIndirectInputEvents = YES;
				INFOPLIST_KEY_UILaunchStoryboardName = LaunchScreen;
				INFOPLIST_KEY_UIMainStoryboardFile = Main;
				INFOPLIST_KEY_UIStatusBarStyle = "";
				INFOPLIST_KEY_UISupportedInterfaceOrientations_iPad = "UIInterfaceOrientationLandscapeLeft UIInterfaceOrientationLandscapeRight UIInterfaceOrientationPortrait UIInterfaceOrientationPortraitUpsideDown";
				LD_RUNPATH_SEARCH_PATHS = (
					"$(inherited)",
					"@executable_path/Frameworks",
				);
				MARKETING_VERSION = 1.0;
				PRODUCT_BUNDLE_IDENTIFIER = "in.edu.srmist.Apple-Pie";
				PRODUCT_NAME = "$(TARGET_NAME)";
				SWIFT_EMIT_LOC_STRINGS = YES;
				SWIFT_VERSION = 5.0;
				TARGETED_DEVICE_FAMILY = "1,2";
			};
			name = Debug;
		};
		ABE6C53D2965E29100EFEB8B /* Release */ = {
			isa = XCBuildConfiguration;
			buildSettings = {
				ASSETCATALOG_COMPILER_APPICON_NAME = AppIcon;
				ASSETCATALOG_COMPILER_GLOBAL_ACCENT_COLOR_NAME = AccentColor;
				CODE_SIGN_STYLE = Automatic;
				CURRENT_PROJECT_VERSION = 1;
				GENERATE_INFOPLIST_FILE = YES;
				INFOPLIST_FILE = "Apple Pie/Info.plist";
				INFOPLIST_KEY_UIApplicationSupportsIndirectInputEvents = YES;
				INFOPLIST_KEY_UILaunchStoryboardName = LaunchScreen;
				INFOPLIST_KEY_UIMainStoryboardFile = Main;
				INFOPLIST_KEY_UIStatusBarStyle = "";
				INFOPLIST_KEY_UISupportedInterfaceOrientations_iPad = "UIInterfaceOrientationLandscapeLeft UIInterfaceOrientationLandscapeRight UIInterfaceOrientationPortrait UIInterfaceOrientationPortraitUpsideDown";
				LD_RUNPATH_SEARCH_PATHS = (
					"$(inherited)",
					"@executable_path/Frameworks",
				);
				MARKETING_VERSION = 1.0;
				PRODUCT_BUNDLE_IDENTIFIER = "in.edu.srmist.Apple-Pie";
				PRODUCT_NAME = "$(TARGET_NAME)";
				SWIFT_EMIT_LOC_STRINGS = YES;
				SWIFT_VERSION = 5.0;
				TARGETED_DEVICE_FAMILY = "1,2";
			};
			name = Release;
		};
		ABE6C53F2965E29100EFEB8B /* Debug */ = {
			isa = XCBuildConfiguration;
			buildSettings = {
				ALWAYS_EMBED_SWIFT_STANDARD_LIBRARIES = YES;
				BUNDLE_LOADER = "$(TEST_HOST)";
				CODE_SIGN_STYLE = Automatic;
				CURRENT_PROJECT_VERSION = 1;
				GENERATE_INFOPLIST_FILE = YES;
				IPHONEOS_DEPLOYMENT_TARGET = 16.2;
				MARKETING_VERSION = 1.0;
				PRODUCT_BUNDLE_IDENTIFIER = "in.edu.srmist.Apple-PieTests";
				PRODUCT_NAME = "$(TARGET_NAME)";
				SWIFT_EMIT_LOC_STRINGS = NO;
				SWIFT_VERSION = 5.0;
				TARGETED_DEVICE_FAMILY = "1,2";
				TEST_HOST = "$(BUILT_PRODUCTS_DIR)/Apple Pie.app/$(BUNDLE_EXECUTABLE_FOLDER_PATH)/Apple Pie";
			};
			name = Debug;
		};
		ABE6C5402965E29100EFEB8B /* Release */ = {
			isa = XCBuildConfiguration;
			buildSettings = {
				ALWAYS_EMBED_SWIFT_STANDARD_LIBRARIES = YES;
				BUNDLE_LOADER = "$(TEST_HOST)";
				CODE_SIGN_STYLE = Automatic;
				CURRENT_PROJECT_VERSION = 1;
				GENERATE_INFOPLIST_FILE = YES;
				IPHONEOS_DEPLOYMENT_TARGET = 16.2;
				MARKETING_VERSION = 1.0;
				PRODUCT_BUNDLE_IDENTIFIER = "in.edu.srmist.Apple-PieTests";
				PRODUCT_NAME = "$(TARGET_NAME)";
				SWIFT_EMIT_LOC_STRINGS = NO;
				SWIFT_VERSION = 5.0;
				TARGETED_DEVICE_FAMILY = "1,2";
				TEST_HOST = "$(BUILT_PRODUCTS_DIR)/Apple Pie.app/$(BUNDLE_EXECUTABLE_FOLDER_PATH)/Apple Pie";
			};
			name = Release;
		};
		ABE6C5422965E29100EFEB8B /* Debug */ = {
			isa = XCBuildConfiguration;
			buildSettings = {
				ALWAYS_EMBED_SWIFT_STANDARD_LIBRARIES = YES;
				CODE_SIGN_STYLE = Automatic;
				CURRENT_PROJECT_VERSION = 1;
				GENERATE_INFOPLIST_FILE = YES;
				MARKETING_VERSION = 1.0;
				PRODUCT_BUNDLE_IDENTIFIER = "in.edu.srmist.Apple-PieUITests";
				PRODUCT_NAME = "$(TARGET_NAME)";
				SWIFT_EMIT_LOC_STRINGS = NO;
				SWIFT_VERSION = 5.0;
				TARGETED_DEVICE_FAMILY = "1,2";
				TEST_TARGET_NAME = "Apple Pie";
			};
			name = Debug;
		};
		ABE6C5432965E29100EFEB8B /* Release */ = {
			isa = XCBuildConfiguration;
			buildSettings = {
				ALWAYS_EMBED_SWIFT_STANDARD_LIBRARIES = YES;
				CODE_SIGN_STYLE = Automatic;
				CURRENT_PROJECT_VERSION = 1;
				GENERATE_INFOPLIST_FILE = YES;
				MARKETING_VERSION = 1.0;
				PRODUCT_BUNDLE_IDENTIFIER = "in.edu.srmist.Apple-PieUITests";
				PRODUCT_NAME = "$(TARGET_NAME)";
				SWIFT_EMIT_LOC_STRINGS = NO;
				SWIFT_VERSION = 5.0;
				TARGETED_DEVICE_FAMILY = "1,2";
				TEST_TARGET_NAME = "Apple Pie";
			};
			name = Release;
		};
/* End XCBuildConfiguration section */

/* Begin XCConfigurationList section */
		ABE6C50C2965E29100EFEB8B /* Build configuration list for PBXProject "Apple Pie" */ = {
			isa = XCConfigurationList;
			buildConfigurations = (
				ABE6C5392965E29100EFEB8B /* Debug */,
				ABE6C53A2965E29100EFEB8B /* Release */,
			);
			defaultConfigurationIsVisible = 0;
			defaultConfigurationName = Release;
		};
		ABE6C53B2965E29100EFEB8B /* Build configuration list for PBXNativeTarget "Apple Pie" */ = {
			isa = XCConfigurationList;
			buildConfigurations = (
				ABE6C53C2965E29100EFEB8B /* Debug */,
				ABE6C53D2965E29100EFEB8B /* Release */,
			);
			defaultConfigurationIsVisible = 0;
			defaultConfigurationName = Release;
		};
		ABE6C53E2965E29100EFEB8B /* Build configuration list for PBXNativeTarget "Apple PieTests" */ = {
			isa = XCConfigurationList;
			buildConfigurations = (
				ABE6C53F2965E29100EFEB8B /* Debug */,
				ABE6C5402965E29100EFEB8B /* Release */,
			);
			defaultConfigurationIsVisible = 0;
			defaultConfigurationName = Release;
		};
		ABE6C5412965E29100EFEB8B /* Build configuration list for PBXNativeTarget "Apple PieUITests" */ = {
			isa = XCConfigurationList;
			buildConfigurations = (
				ABE6C5422965E29100EFEB8B /* Debug */,
				ABE6C5432965E29100EFEB8B /* Release */,
			);
			defaultConfigurationIsVisible = 0;
			defaultConfigurationName = Release;
		};
/* End XCConfigurationList section */
	};
	rootObject = ABE6C5092965E29100EFEB8B /* Project object */;
}
